
Microsoft Visual Studio Solution File, Format Version 12.00
# Visual Studio Version 17
VisualStudioVersion = 17.11.35222.181
MinimumVisualStudioVersion = 10.0.40219.1
Project("{FAE04EC0-301F-11D3-BF4B-00C04F79EFBC}") = "LearningManagment", "LearningManagment\LearningManagment.csproj", "{D60BD4B3-50CE-4D12-B205-66DCE23DCB3F}"
EndProject
Global
	GlobalSection(SolutionConfigurationPlatforms) = preSolution
		Debug|Any CPU = Debug|Any CPU
		Release|Any CPU = Release|Any CPU
	EndGlobalSection
	GlobalSection(ProjectConfigurationPlatforms) = postSolution
		{D60BD4B3-50CE-4D12-B205-66DCE23DCB3F}.Debug|Any CPU.ActiveCfg = Debug|Any CPU
		{D60BD4B3-50CE-4D12-B205-66DCE23DCB3F}.Debug|Any CPU.Build.0 = Debug|Any CPU
		{D60BD4B3-50CE-4D12-B205-66DCE23DCB3F}.Release|Any CPU.ActiveCfg = Release|Any CPU
		{D60BD4B3-50CE-4D12-B205-66DCE23DCB3F}.Release|Any CPU.Build.0 = Release|Any CPU
	EndGlobalSection
	GlobalSection(SolutionProperties) = preSolution
		HideSolutionNode = FALSE
	EndGlobalSection
	GlobalSection(ExtensibilityGlobals) = postSolution
		SolutionGuid = {447F9CFB-594E-4370-B7FD-1EFD540A6935}
	EndGlobalSection
EndGlobal
